// !$*UTF8*$!
{
	archiveVersion = 1;
	classes = {
	};
	objectVersion = 46;
	objects = {

/* Begin PBXBuildFile section */
		C72AA41E19BC86EF005175EB /* AppDelegate.swift in Sources */ = {isa = PBXBuildFile; fileRef = C72AA41D19BC86EF005175EB /* AppDelegate.swift */; };
		C72AA42019BC86EF005175EB /* SubscriptionViewController.swift in Sources */ = {isa = PBXBuildFile; fileRef = C72AA41F19BC86EF005175EB /* SubscriptionViewController.swift */; };
		C72AA42319BC86EF005175EB /* Main.storyboard in Resources */ = {isa = PBXBuildFile; fileRef = C72AA42119BC86EF005175EB /* Main.storyboard */; };
		C72AA42519BC86EF005175EB /* Images.xcassets in Resources */ = {isa = PBXBuildFile; fileRef = C72AA42419BC86EF005175EB /* Images.xcassets */; };
		C72AA43119BC86EF005175EB /* EarthReaderTests.swift in Sources */ = {isa = PBXBuildFile; fileRef = C72AA43019BC86EF005175EB /* EarthReaderTests.swift */; };
		C7347B321A053BED00E0BF0F /* EarthReader.swift in Sources */ = {isa = PBXBuildFile; fileRef = C7347B311A053BED00E0BF0F /* EarthReader.swift */; };
/* End PBXBuildFile section */

/* Begin PBXContainerItemProxy section */
		C72AA42B19BC86EF005175EB /* PBXContainerItemProxy */ = {
			isa = PBXContainerItemProxy;
			containerPortal = C72AA41019BC86EF005175EB /* Project object */;
			proxyType = 1;
			remoteGlobalIDString = C72AA41719BC86EF005175EB;
			remoteInfo = EarthReader;
		};
/* End PBXContainerItemProxy section */

/* Begin PBXFileReference section */
		C72AA41819BC86EF005175EB /* EarthReader.app */ = {isa = PBXFileReference; explicitFileType = wrapper.application; includeInIndex = 0; path = EarthReader.app; sourceTree = BUILT_PRODUCTS_DIR; };
		C72AA41C19BC86EF005175EB /* Info.plist */ = {isa = PBXFileReference; lastKnownFileType = text.plist.xml; path = Info.plist; sourceTree = "<group>"; };
		C72AA41D19BC86EF005175EB /* AppDelegate.swift */ = {isa = PBXFileReference; lastKnownFileType = sourcecode.swift; path = AppDelegate.swift; sourceTree = "<group>"; };
		C72AA41F19BC86EF005175EB /* SubscriptionViewController.swift */ = {isa = PBXFileReference; lastKnownFileType = sourcecode.swift; path = SubscriptionViewController.swift; sourceTree = "<group>"; };
		C72AA42219BC86EF005175EB /* Base */ = {isa = PBXFileReference; lastKnownFileType = file.storyboard; name = Base; path = Base.lproj/Main.storyboard; sourceTree = "<group>"; };
		C72AA42419BC86EF005175EB /* Images.xcassets */ = {isa = PBXFileReference; lastKnownFileType = folder.assetcatalog; path = Images.xcassets; sourceTree = "<group>"; };
		C72AA42A19BC86EF005175EB /* EarthReaderTests.xctest */ = {isa = PBXFileReference; explicitFileType = wrapper.cfbundle; includeInIndex = 0; path = EarthReaderTests.xctest; sourceTree = BUILT_PRODUCTS_DIR; };
		C72AA42F19BC86EF005175EB /* Info.plist */ = {isa = PBXFileReference; lastKnownFileType = text.plist.xml; path = Info.plist; sourceTree = "<group>"; };
		C72AA43019BC86EF005175EB /* EarthReaderTests.swift */ = {isa = PBXFileReference; lastKnownFileType = sourcecode.swift; path = EarthReaderTests.swift; sourceTree = "<group>"; };
		C7347B311A053BED00E0BF0F /* EarthReader.swift */ = {isa = PBXFileReference; fileEncoding = 4; lastKnownFileType = sourcecode.swift; path = EarthReader.swift; sourceTree = "<group>"; };
/* End PBXFileReference section */

/* Begin PBXFrameworksBuildPhase section */
		C72AA41519BC86EF005175EB /* Frameworks */ = {
			isa = PBXFrameworksBuildPhase;
			buildActionMask = 2147483647;
			files = (
			);
			runOnlyForDeploymentPostprocessing = 0;
		};
		C72AA42719BC86EF005175EB /* Frameworks */ = {
			isa = PBXFrameworksBuildPhase;
			buildActionMask = 2147483647;
			files = (
			);
			runOnlyForDeploymentPostprocessing = 0;
		};
/* End PBXFrameworksBuildPhase section */

/* Begin PBXGroup section */
		C72AA40F19BC86EF005175EB = {
			isa = PBXGroup;
			children = (
				C72AA41A19BC86EF005175EB /* EarthReader */,
				C72AA42D19BC86EF005175EB /* EarthReaderTests */,
				C72AA41919BC86EF005175EB /* Products */,
			);
			sourceTree = "<group>";
		};
		C72AA41919BC86EF005175EB /* Products */ = {
			isa = PBXGroup;
			children = (
				C72AA41819BC86EF005175EB /* EarthReader.app */,
				C72AA42A19BC86EF005175EB /* EarthReaderTests.xctest */,
			);
			name = Products;
			sourceTree = "<group>";
		};
		C72AA41A19BC86EF005175EB /* EarthReader */ = {
			isa = PBXGroup;
			children = (
				C72AA41D19BC86EF005175EB /* AppDelegate.swift */,
				C72AA41F19BC86EF005175EB /* SubscriptionViewController.swift */,
				C72AA42119BC86EF005175EB /* Main.storyboard */,
				C72AA42419BC86EF005175EB /* Images.xcassets */,
				C72AA41B19BC86EF005175EB /* Supporting Files */,
				C7347B311A053BED00E0BF0F /* EarthReader.swift */,
			);
			path = EarthReader;
			sourceTree = "<group>";
		};
		C72AA41B19BC86EF005175EB /* Supporting Files */ = {
			isa = PBXGroup;
			children = (
				C72AA41C19BC86EF005175EB /* Info.plist */,
			);
			name = "Supporting Files";
			sourceTree = "<group>";
		};
		C72AA42D19BC86EF005175EB /* EarthReaderTests */ = {
			isa = PBXGroup;
			children = (
				C72AA43019BC86EF005175EB /* EarthReaderTests.swift */,
				C72AA42E19BC86EF005175EB /* Supporting Files */,
			);
			path = EarthReaderTests;
			sourceTree = "<group>";
		};
		C72AA42E19BC86EF005175EB /* Supporting Files */ = {
			isa = PBXGroup;
			children = (
				C72AA42F19BC86EF005175EB /* Info.plist */,
			);
			name = "Supporting Files";
			sourceTree = "<group>";
		};
/* End PBXGroup section */

/* Begin PBXNativeTarget section */
		C72AA41719BC86EF005175EB /* EarthReader */ = {
			isa = PBXNativeTarget;
			buildConfigurationList = C72AA43419BC86EF005175EB /* Build configuration list for PBXNativeTarget "EarthReader" */;
			buildPhases = (
				C72AA41419BC86EF005175EB /* Sources */,
				C72AA41519BC86EF005175EB /* Frameworks */,
				C72AA41619BC86EF005175EB /* Resources */,
			);
			buildRules = (
			);
			dependencies = (
			);
			name = EarthReader;
			productName = EarthReader;
			productReference = C72AA41819BC86EF005175EB /* EarthReader.app */;
			productType = "com.apple.product-type.application";
		};
		C72AA42919BC86EF005175EB /* EarthReaderTests */ = {
			isa = PBXNativeTarget;
			buildConfigurationList = C72AA43719BC86EF005175EB /* Build configuration list for PBXNativeTarget "EarthReaderTests" */;
			buildPhases = (
				C72AA42619BC86EF005175EB /* Sources */,
				C72AA42719BC86EF005175EB /* Frameworks */,
				C72AA42819BC86EF005175EB /* Resources */,
			);
			buildRules = (
			);
			dependencies = (
				C72AA42C19BC86EF005175EB /* PBXTargetDependency */,
			);
			name = EarthReaderTests;
			productName = EarthReaderTests;
			productReference = C72AA42A19BC86EF005175EB /* EarthReaderTests.xctest */;
			productType = "com.apple.product-type.bundle.unit-test";
		};
/* End PBXNativeTarget section */

/* Begin PBXProject section */
		C72AA41019BC86EF005175EB /* Project object */ = {
			isa = PBXProject;
			attributes = {
				LastUpgradeCheck = 0600;
				ORGANIZATIONNAME = "Earth Reader";
				TargetAttributes = {
					C72AA41719BC86EF005175EB = {
						CreatedOnToolsVersion = 6.0;
					};
					C72AA42919BC86EF005175EB = {
						CreatedOnToolsVersion = 6.0;
						TestTargetID = C72AA41719BC86EF005175EB;
					};
				};
			};
			buildConfigurationList = C72AA41319BC86EF005175EB /* Build configuration list for PBXProject "EarthReader" */;
			compatibilityVersion = "Xcode 3.2";
			developmentRegion = English;
			hasScannedForEncodings = 0;
			knownRegions = (
				en,
				Base,
			);
			mainGroup = C72AA40F19BC86EF005175EB;
			productRefGroup = C72AA41919BC86EF005175EB /* Products */;
			projectDirPath = "";
			projectRoot = "";
			targets = (
				C72AA41719BC86EF005175EB /* EarthReader */,
				C72AA42919BC86EF005175EB /* EarthReaderTests */,
			);
		};
/* End PBXProject section */

/* Begin PBXResourcesBuildPhase section */
		C72AA41619BC86EF005175EB /* Resources */ = {
			isa = PBXResourcesBuildPhase;
			buildActionMask = 2147483647;
			files = (
				C72AA42319BC86EF005175EB /* Main.storyboard in Resources */,
				C72AA42519BC86EF005175EB /* Images.xcassets in Resources */,
			);
			runOnlyForDeploymentPostprocessing = 0;
		};
		C72AA42819BC86EF005175EB /* Resources */ = {
			isa = PBXResourcesBuildPhase;
			buildActionMask = 2147483647;
			files = (
			);
			runOnlyForDeploymentPostprocessing = 0;
		};
/* End PBXResourcesBuildPhase section */

/* Begin PBXSourcesBuildPhase section */
		C72AA41419BC86EF005175EB /* Sources */ = {
			isa = PBXSourcesBuildPhase;
			buildActionMask = 2147483647;
			files = (
				C7347B321A053BED00E0BF0F /* EarthReader.swift in Sources */,
				C72AA42019BC86EF005175EB /* SubscriptionViewController.swift in Sources */,
				C72AA41E19BC86EF005175EB /* AppDelegate.swift in Sources */,
			);
			runOnlyForDeploymentPostprocessing = 0;
		};
		C72AA42619BC86EF005175EB /* Sources */ = {
			isa = PBXSourcesBuildPhase;
			buildActionMask = 2147483647;
			files = (
				C72AA43119BC86EF005175EB /* EarthReaderTests.swift in Sources */,
			);
			runOnlyForDeploymentPostprocessing = 0;
		};
/* End PBXSourcesBuildPhase section */

/* Begin PBXTargetDependency section */
		C72AA42C19BC86EF005175EB /* PBXTargetDependency */ = {
			isa = PBXTargetDependency;
			target = C72AA41719BC86EF005175EB /* EarthReader */;
			targetProxy = C72AA42B19BC86EF005175EB /* PBXContainerItemProxy */;
		};
/* End PBXTargetDependency section */

/* Begin PBXVariantGroup section */
		C72AA42119BC86EF005175EB /* Main.storyboard */ = {
			isa = PBXVariantGroup;
			children = (
				C72AA42219BC86EF005175EB /* Base */,
			);
			name = Main.storyboard;
			sourceTree = "<group>";
		};
/* End PBXVariantGroup section */

/* Begin XCBuildConfiguration section */
		C72AA43219BC86EF005175EB /* Debug */ = {
			isa = XCBuildConfiguration;
			buildSettings = {
				ALWAYS_SEARCH_USER_PATHS = NO;
				CLANG_CXX_LANGUAGE_STANDARD = "gnu++0x";
				CLANG_CXX_LIBRARY = "libc++";
				CLANG_ENABLE_MODULES = YES;
				CLANG_ENABLE_OBJC_ARC = YES;
				CLANG_WARN_BOOL_CONVERSION = YES;
				CLANG_WARN_CONSTANT_CONVERSION = YES;
				CLANG_WARN_DIRECT_OBJC_ISA_USAGE = YES_ERROR;
				CLANG_WARN_EMPTY_BODY = YES;
				CLANG_WARN_ENUM_CONVERSION = YES;
				CLANG_WARN_INT_CONVERSION = YES;
				CLANG_WARN_OBJC_ROOT_CLASS = YES_ERROR;
				CLANG_WARN_UNREACHABLE_CODE = YES;
				CLANG_WARN__DUPLICATE_METHOD_MATCH = YES;
				"CODE_SIGN_IDENTITY[sdk=iphoneos*]" = "iPhone Developer";
				COPY_PHASE_STRIP = NO;
				ENABLE_STRICT_OBJC_MSGSEND = YES;
				GCC_C_LANGUAGE_STANDARD = gnu99;
				GCC_DYNAMIC_NO_PIC = NO;
				GCC_OPTIMIZATION_LEVEL = 0;
				GCC_PREPROCESSOR_DEFINITIONS = (
					"DEBUG=1",
					"$(inherited)",
				);
				GCC_SYMBOLS_PRIVATE_EXTERN = NO;
				GCC_WARN_64_TO_32_BIT_CONVERSION = YES;
				GCC_WARN_ABOUT_RETURN_TYPE = YES_ERROR;
				GCC_WARN_UNDECLARED_SELECTOR = YES;
				GCC_WARN_UNINITIALIZED_AUTOS = YES_AGGRESSIVE;
				GCC_WARN_UNUSED_FUNCTION = YES;
				GCC_WARN_UNUSED_VARIABLE = YES;
				IPHONEOS_DEPLOYMENT_TARGET = 8.0;
				MTL_ENABLE_DEBUG_INFO = YES;
				ONLY_ACTIVE_ARCH = YES;
				SDKROOT = iphoneos;
				SWIFT_OPTIMIZATION_LEVEL = "-Onone";
				TARGETED_DEVICE_FAMILY = "1,2";
			};
			name = Debug;
		};
		C72AA43319BC86EF005175EB /* Release */ = {
			isa = XCBuildConfiguration;
			buildSettings = {
				ALWAYS_SEARCH_USER_PATHS = NO;
				CLANG_CXX_LANGUAGE_STANDARD = "gnu++0x";
				CLANG_CXX_LIBRARY = "libc++";
				CLANG_ENABLE_MODULES = YES;
				CLANG_ENABLE_OBJC_ARC = YES;
				CLANG_WARN_BOOL_CONVERSION = YES;
				CLANG_WARN_CONSTANT_CONVERSION = YES;
				CLANG_WARN_DIRECT_OBJC_ISA_USAGE = YES_ERROR;
				CLANG_WARN_EMPTY_BODY = YES;
				CLANG_WARN_ENUM_CONVERSION = YES;
				CLANG_WARN_INT_CONVERSION = YES;
				CLANG_WARN_OBJC_ROOT_CLASS = YES_ERROR;
				CLANG_WARN_UNREACHABLE_CODE = YES;
				CLANG_WARN__DUPLICATE_METHOD_MATCH = YES;
				"CODE_SIGN_IDENTITY[sdk=iphoneos*]" = "iPhone Developer";
				COPY_PHASE_STRIP = YES;
				ENABLE_NS_ASSERTIONS = NO;
				ENABLE_STRICT_OBJC_MSGSEND = YES;
				GCC_C_LANGUAGE_STANDARD = gnu99;
				GCC_WARN_64_TO_32_BIT_CONVERSION = YES;
				GCC_WARN_ABOUT_RETURN_TYPE = YES_ERROR;
				GCC_WARN_UNDECLARED_SELECTOR = YES;
				GCC_WARN_UNINITIALIZED_AUTOS = YES_AGGRESSIVE;
				GCC_WARN_UNUSED_FUNCTION = YES;
				GCC_WARN_UNUSED_VARIABLE = YES;
				IPHONEOS_DEPLOYMENT_TARGET = 8.0;
				MTL_ENABLE_DEBUG_INFO = NO;
				SDKROOT = iphoneos;
				TARGETED_DEVICE_FAMILY = "1,2";
				VALIDATE_PRODUCT = YES;
			};
			name = Release;
		};
		C72AA43519BC86EF005175EB /* Debug */ = {
			isa = XCBuildConfiguration;
			buildSettings = {
				ASSETCATALOG_COMPILER_APPICON_NAME = AppIcon;
				ASSETCATALOG_COMPILER_LAUNCHIMAGE_NAME = LaunchImage;
				INFOPLIST_FILE = EarthReader/Info.plist;
				LD_RUNPATH_SEARCH_PATHS = "$(inherited) @executable_path/Frameworks";
				PRODUCT_NAME = "$(TARGET_NAME)";
			};
			name = Debug;
		};
		C72AA43619BC86EF005175EB /* Release */ = {
			isa = XCBuildConfiguration;
			buildSettings = {
				ASSETCATALOG_COMPILER_APPICON_NAME = AppIcon;
				ASSETCATALOG_COMPILER_LAUNCHIMAGE_NAME = LaunchImage;
				INFOPLIST_FILE = EarthReader/Info.plist;
				LD_RUNPATH_SEARCH_PATHS = "$(inherited) @executable_path/Frameworks";
				PRODUCT_NAME = "$(TARGET_NAME)";
			};
			name = Release;
		};
		C72AA43819BC86EF005175EB /* Debug */ = {
			isa = XCBuildConfiguration;
			buildSettings = {
				BUNDLE_LOADER = "$(TEST_HOST)";
				FRAMEWORK_SEARCH_PATHS = (
					"$(SDKROOT)/Developer/Library/Frameworks",
					"$(inherited)",
				);
				GCC_PREPROCESSOR_DEFINITIONS = (
					"DEBUG=1",
					"$(inherited)",
				);
				INFOPLIST_FILE = EarthReaderTests/Info.plist;
				LD_RUNPATH_SEARCH_PATHS = "$(inherited) @executable_path/Frameworks @loader_path/Frameworks";
				PRODUCT_NAME = "$(TARGET_NAME)";
				TEST_HOST = "$(BUILT_PRODUCTS_DIR)/EarthReader.app/EarthReader";
			};
			name = Debug;
		};
		C72AA43919BC86EF005175EB /* Release */ = {
			isa = XCBuildConfiguration;
			buildSettings = {
				BUNDLE_LOADER = "$(TEST_HOST)";
				FRAMEWORK_SEARCH_PATHS = (
					"$(SDKROOT)/Developer/Library/Frameworks",
					"$(inherited)",
				);
				INFOPLIST_FILE = EarthReaderTests/Info.plist;
				LD_RUNPATH_SEARCH_PATHS = "$(inherited) @executable_path/Frameworks @loader_path/Frameworks";
				PRODUCT_NAME = "$(TARGET_NAME)";
				TEST_HOST = "$(BUILT_PRODUCTS_DIR)/EarthReader.app/EarthReader";
			};
			name = Release;
		};
/* End XCBuildConfiguration section */

/* Begin XCConfigurationList section */
		C72AA41319BC86EF005175EB /* Build configuration list for PBXProject "EarthReader" */ = {
			isa = XCConfigurationList;
			buildConfigurations = (
				C72AA43219BC86EF005175EB /* Debug */,
				C72AA43319BC86EF005175EB /* Release */,
			);
			defaultConfigurationIsVisible = 0;
			defaultConfigurationName = Release;
		};
		C72AA43419BC86EF005175EB /* Build configuration list for PBXNativeTarget "EarthReader" */ = {
			isa = XCConfigurationList;
			buildConfigurations = (
				C72AA43519BC86EF005175EB /* Debug */,
				C72AA43619BC86EF005175EB /* Release */,
			);
			defaultConfigurationIsVisible = 0;
			defaultConfigurationName = Release;
		};
		C72AA43719BC86EF005175EB /* Build configuration list for PBXNativeTarget "EarthReaderTests" */ = {
			isa = XCConfigurationList;
			buildConfigurations = (
				C72AA43819BC86EF005175EB /* Debug */,
				C72AA43919BC86EF005175EB /* Release */,
			);
			defaultConfigurationIsVisible = 0;
			defaultConfigurationName = Release;
		};
/* End XCConfigurationList section */
	};
	rootObject = C72AA41019BC86EF005175EB /* Project object */;
}
